
Microsoft Visual Studio Solution File, Format Version 12.00
# Visual Studio Version 17
VisualStudioVersion = 17.14.36401.2
MinimumVisualStudioVersion = 10.0.40219.1
Project("{FAE04EC0-301F-11D3-BF4B-00C04F79EFBC}") = "ZipImageTool", "ZipImageTool\ZipImageTool.csproj", "{8EF44B78-CB66-1206-8BB8-23034F369380}"
EndProject
Project("{FAE04EC0-301F-11D3-BF4B-00C04F79EFBC}") = "PickPack.Disk", "..\PickPack.Disk\PickPack.Disk.csproj", "{35842362-B15F-38F2-E71E-EC1560FA883C}"
EndProject
Global
	GlobalSection(SolutionConfigurationPlatforms) = preSolution
		Debug|Any CPU = Debug|Any CPU
		Release|Any CPU = Release|Any CPU
	EndGlobalSection
	GlobalSection(ProjectConfigurationPlatforms) = postSolution
		{8EF44B78-CB66-1206-8BB8-23034F369380}.Debug|Any CPU.ActiveCfg = Debug|Any CPU
		{8EF44B78-CB66-1206-8BB8-23034F369380}.Debug|Any CPU.Build.0 = Debug|Any CPU
		{8EF44B78-CB66-1206-8BB8-23034F369380}.Release|Any CPU.ActiveCfg = Release|Any CPU
		{8EF44B78-CB66-1206-8BB8-23034F369380}.Release|Any CPU.Build.0 = Release|Any CPU
		{35842362-B15F-38F2-E71E-EC1560FA883C}.Debug|Any CPU.ActiveCfg = Debug|Any CPU
		{35842362-B15F-38F2-E71E-EC1560FA883C}.Debug|Any CPU.Build.0 = Debug|Any CPU
		{35842362-B15F-38F2-E71E-EC1560FA883C}.Release|Any CPU.ActiveCfg = Release|Any CPU
		{35842362-B15F-38F2-E71E-EC1560FA883C}.Release|Any CPU.Build.0 = Release|Any CPU
	EndGlobalSection
	GlobalSection(SolutionProperties) = preSolution
		HideSolutionNode = FALSE
	EndGlobalSection
	GlobalSection(ExtensibilityGlobals) = postSolution
		SolutionGuid = {CF24FD1F-0AA5-47BD-B54D-25E5F8650867}
	EndGlobalSection
EndGlobal
